
Microsoft Visual Studio Solution File, Format Version 12.00
# Visual Studio Version 17
VisualStudioVersion = 17.14.36414.22
MinimumVisualStudioVersion = 10.0.40219.1
Project("{FAE04EC0-301F-11D3-BF4B-00C04F79EFBC}") = "SampleService1", "SampleService1\SampleService1.csproj", "{AAF90766-C5A2-45E5-BF76-49A81C6A0BCB}"
EndProject
Project("{FAE04EC0-301F-11D3-BF4B-00C04F79EFBC}") = "SampleService2", "SampleService2\SampleService2.csproj", "{B95D3007-173E-4F0F-BDED-0BF9460BF8C4}"
EndProject
Project("{FAE04EC0-301F-11D3-BF4B-00C04F79EFBC}") = "Shared", "Shared\Shared.csproj", "{26B6FCEF-0B21-4498-B5CE-BB3DC7933A3A}"
EndProject
Project("{FAE04EC0-301F-11D3-BF4B-00C04F79EFBC}") = "LogService", "LogService\LogService.csproj", "{5DD10DBD-2C65-43D5-AFDC-0CFA7C6195C7}"
EndProject
Project("{E53339B2-1760-4266-BCC7-CA923CBCF16C}") = "docker-compose", "docker-compose.dcproj", "{81DDED9D-158B-E303-5F62-77A2896D2A5A}"
EndProject
Global
	GlobalSection(SolutionConfigurationPlatforms) = preSolution
		Debug|Any CPU = Debug|Any CPU
		Release|Any CPU = Release|Any CPU
	EndGlobalSection
	GlobalSection(ProjectConfigurationPlatforms) = postSolution
		{AAF90766-C5A2-45E5-BF76-49A81C6A0BCB}.Debug|Any CPU.ActiveCfg = Debug|Any CPU
		{AAF90766-C5A2-45E5-BF76-49A81C6A0BCB}.Debug|Any CPU.Build.0 = Debug|Any CPU
		{AAF90766-C5A2-45E5-BF76-49A81C6A0BCB}.Release|Any CPU.ActiveCfg = Release|Any CPU
		{AAF90766-C5A2-45E5-BF76-49A81C6A0BCB}.Release|Any CPU.Build.0 = Release|Any CPU
		{B95D3007-173E-4F0F-BDED-0BF9460BF8C4}.Debug|Any CPU.ActiveCfg = Debug|Any CPU
		{B95D3007-173E-4F0F-BDED-0BF9460BF8C4}.Debug|Any CPU.Build.0 = Debug|Any CPU
		{B95D3007-173E-4F0F-BDED-0BF9460BF8C4}.Release|Any CPU.ActiveCfg = Release|Any CPU
		{B95D3007-173E-4F0F-BDED-0BF9460BF8C4}.Release|Any CPU.Build.0 = Release|Any CPU
		{26B6FCEF-0B21-4498-B5CE-BB3DC7933A3A}.Debug|Any CPU.ActiveCfg = Debug|Any CPU
		{26B6FCEF-0B21-4498-B5CE-BB3DC7933A3A}.Debug|Any CPU.Build.0 = Debug|Any CPU
		{26B6FCEF-0B21-4498-B5CE-BB3DC7933A3A}.Release|Any CPU.ActiveCfg = Release|Any CPU
		{26B6FCEF-0B21-4498-B5CE-BB3DC7933A3A}.Release|Any CPU.Build.0 = Release|Any CPU
		{5DD10DBD-2C65-43D5-AFDC-0CFA7C6195C7}.Debug|Any CPU.ActiveCfg = Debug|Any CPU
		{5DD10DBD-2C65-43D5-AFDC-0CFA7C6195C7}.Debug|Any CPU.Build.0 = Debug|Any CPU
		{5DD10DBD-2C65-43D5-AFDC-0CFA7C6195C7}.Release|Any CPU.ActiveCfg = Release|Any CPU
		{5DD10DBD-2C65-43D5-AFDC-0CFA7C6195C7}.Release|Any CPU.Build.0 = Release|Any CPU
		{81DDED9D-158B-E303-5F62-77A2896D2A5A}.Debug|Any CPU.ActiveCfg = Debug|Any CPU
		{81DDED9D-158B-E303-5F62-77A2896D2A5A}.Debug|Any CPU.Build.0 = Debug|Any CPU
		{81DDED9D-158B-E303-5F62-77A2896D2A5A}.Release|Any CPU.ActiveCfg = Release|Any CPU
		{81DDED9D-158B-E303-5F62-77A2896D2A5A}.Release|Any CPU.Build.0 = Release|Any CPU
	EndGlobalSection
	GlobalSection(SolutionProperties) = preSolution
		HideSolutionNode = FALSE
	EndGlobalSection
	GlobalSection(ExtensibilityGlobals) = postSolution
		SolutionGuid = {9F27E2A9-FD71-452F-9800-F2E10006DE3A}
	EndGlobalSection
EndGlobal
